# THIS IS AN AUTOGENERATED FILE. DO NOT EDIT THIS FILE DIRECTLY.
# yarn lockfile v1


justified-layout@2.1.1:
  version "2.1.1"
  resolved "https://registry.yarnpkg.com/justified-layout/-/justified-layout-2.1.1.tgz#22da0c296d3a95b7a3d5fb7f48dbbe0e6539b7f1"
  integrity sha512-AgfLjtcooqI4XHC+Uq6SkbyFvRUbl71QG411KGIkLcHw4OcYhIWrkOSbvrrZSrlHVq3klCO3/RGKc/qubQudPA==
  dependencies:
    merge "1.2.0"

merge@1.2.0:
  version "1.2.0"
  resolved "https://registry.yarnpkg.com/merge/-/merge-1.2.0.tgz#7531e39d4949c281a66b8c5a6e0265e8b05894da"
  integrity sha1-dTHjnUlJwoGma4xabgJl6LBYlNo=
